
Microsoft Visual Studio Solution File, Format Version 12.00
# Visual Studio 15
VisualStudioVersion = 15.0.28307.136
MinimumVisualStudioVersion = 10.0.40219.1
Project("{FAE04EC0-301F-11D3-BF4B-00C04F79EFBC}") = "tund", "tund\tund.csproj", "{320E3F8E-C887-4A07-B84D-4E03FED08EBC}"
EndProject
Global
	GlobalSection(SolutionConfigurationPlatforms) = preSolution
		Debug|Any CPU = Debug|Any CPU
		Release|Any CPU = Release|Any CPU
	EndGlobalSection
	GlobalSection(ProjectConfigurationPlatforms) = postSolution
		{320E3F8E-C887-4A07-B84D-4E03FED08EBC}.Debug|Any CPU.ActiveCfg = Debug|Any CPU
		{320E3F8E-C887-4A07-B84D-4E03FED08EBC}.Debug|Any CPU.Build.0 = Debug|Any CPU
		{320E3F8E-C887-4A07-B84D-4E03FED08EBC}.Release|Any CPU.ActiveCfg = Release|Any CPU
		{320E3F8E-C887-4A07-B84D-4E03FED08EBC}.Release|Any CPU.Build.0 = Release|Any CPU
	EndGlobalSection
	GlobalSection(SolutionProperties) = preSolution
		HideSolutionNode = FALSE
	EndGlobalSection
	GlobalSection(ExtensibilityGlobals) = postSolution
		SolutionGuid = {D4F8AB81-7C81-4349-B82B-0BE3F2AABAA3}
	EndGlobalSection
EndGlobal
